
Microsoft Visual Studio Solution File, Format Version 12.00
# Visual Studio 14
VisualStudioVersion = 14.0.25420.1
MinimumVisualStudioVersion = 10.0.40219.1
Project("{FAE04EC0-301F-11D3-BF4B-00C04F79EFBC}") = "TwoSum", "TwoSum\TwoSum.csproj", "{CBC41104-B3AF-4E56-9431-631EE6FA2658}"
EndProject
Project("{FAE04EC0-301F-11D3-BF4B-00C04F79EFBC}") = "PalindromeNumber", "PalindromeNumber\PalindromeNumber.csproj", "{45EC079E-8E99-4DC0-ABB1-F67368A854F5}"
EndProject
Project("{FAE04EC0-301F-11D3-BF4B-00C04F79EFBC}") = "RomanToInteger", "RomanToInteger\RomanToInteger.csproj", "{0DAADFD0-C290-4145-9EFE-10B730F4EB3C}"
EndProject
Project("{FAE04EC0-301F-11D3-BF4B-00C04F79EFBC}") = "LongestCommonPrefix", "LongestCommonPrefix\LongestCommonPrefix.csproj", "{9DCBBF36-E8AE-4B9D-9AFC-BDB2FDA565A0}"
EndProject
Project("{FAE04EC0-301F-11D3-BF4B-00C04F79EFBC}") = "ValidParantheses", "ValidParantheses\ValidParantheses.csproj", "{7BB864A5-49B4-4FCD-9E19-6F1E7533F011}"
EndProject
Project("{FAE04EC0-301F-11D3-BF4B-00C04F79EFBC}") = "RemoveDuplicatesFromSortedArray", "RemoveDuplicatesFromSortedArray\RemoveDuplicatesFromSortedArray.csproj", "{04471706-04CB-4415-A15A-BFF9599A5FF1}"
EndProject
Project("{FAE04EC0-301F-11D3-BF4B-00C04F79EFBC}") = "RemoveElementFromArray", "RemoveElementFromArray\RemoveElementFromArray.csproj", "{4AF746D4-5DED-4DF1-B35E-E3C85A5F83C4}"
EndProject
Project("{FAE04EC0-301F-11D3-BF4B-00C04F79EFBC}") = "SearchInsertPosition", "SearchInsertPosition\SearchInsertPosition.csproj", "{F552FEE9-FCBD-46BE-AE23-288491BF1C6C}"
EndProject
Project("{FAE04EC0-301F-11D3-BF4B-00C04F79EFBC}") = "LookAndSay", "LookAndSay\LookAndSay.csproj", "{0CF6EAEE-EE69-4766-B68D-A3D12F92F08E}"
EndProject
Project("{FAE04EC0-301F-11D3-BF4B-00C04F79EFBC}") = "LengthOfLastWord", "LengthOfLastWord\LengthOfLastWord.csproj", "{E70C3A06-D57D-49F0-BEE2-A9867852CD1F}"
EndProject
Global
	GlobalSection(SolutionConfigurationPlatforms) = preSolution
		Debug|Any CPU = Debug|Any CPU
		Release|Any CPU = Release|Any CPU
	EndGlobalSection
	GlobalSection(ProjectConfigurationPlatforms) = postSolution
		{CBC41104-B3AF-4E56-9431-631EE6FA2658}.Debug|Any CPU.ActiveCfg = Debug|Any CPU
		{CBC41104-B3AF-4E56-9431-631EE6FA2658}.Debug|Any CPU.Build.0 = Debug|Any CPU
		{CBC41104-B3AF-4E56-9431-631EE6FA2658}.Release|Any CPU.ActiveCfg = Release|Any CPU
		{CBC41104-B3AF-4E56-9431-631EE6FA2658}.Release|Any CPU.Build.0 = Release|Any CPU
		{45EC079E-8E99-4DC0-ABB1-F67368A854F5}.Debug|Any CPU.ActiveCfg = Debug|Any CPU
		{45EC079E-8E99-4DC0-ABB1-F67368A854F5}.Debug|Any CPU.Build.0 = Debug|Any CPU
		{45EC079E-8E99-4DC0-ABB1-F67368A854F5}.Release|Any CPU.ActiveCfg = Release|Any CPU
		{45EC079E-8E99-4DC0-ABB1-F67368A854F5}.Release|Any CPU.Build.0 = Release|Any CPU
		{0DAADFD0-C290-4145-9EFE-10B730F4EB3C}.Debug|Any CPU.ActiveCfg = Debug|Any CPU
		{0DAADFD0-C290-4145-9EFE-10B730F4EB3C}.Debug|Any CPU.Build.0 = Debug|Any CPU
		{0DAADFD0-C290-4145-9EFE-10B730F4EB3C}.Release|Any CPU.ActiveCfg = Release|Any CPU
		{0DAADFD0-C290-4145-9EFE-10B730F4EB3C}.Release|Any CPU.Build.0 = Release|Any CPU
		{9DCBBF36-E8AE-4B9D-9AFC-BDB2FDA565A0}.Debug|Any CPU.ActiveCfg = Debug|Any CPU
		{9DCBBF36-E8AE-4B9D-9AFC-BDB2FDA565A0}.Debug|Any CPU.Build.0 = Debug|Any CPU
		{9DCBBF36-E8AE-4B9D-9AFC-BDB2FDA565A0}.Release|Any CPU.ActiveCfg = Release|Any CPU
		{9DCBBF36-E8AE-4B9D-9AFC-BDB2FDA565A0}.Release|Any CPU.Build.0 = Release|Any CPU
		{7BB864A5-49B4-4FCD-9E19-6F1E7533F011}.Debug|Any CPU.ActiveCfg = Debug|Any CPU
		{7BB864A5-49B4-4FCD-9E19-6F1E7533F011}.Debug|Any CPU.Build.0 = Debug|Any CPU
		{7BB864A5-49B4-4FCD-9E19-6F1E7533F011}.Release|Any CPU.ActiveCfg = Release|Any CPU
		{7BB864A5-49B4-4FCD-9E19-6F1E7533F011}.Release|Any CPU.Build.0 = Release|Any CPU
		{04471706-04CB-4415-A15A-BFF9599A5FF1}.Debug|Any CPU.ActiveCfg = Debug|Any CPU
		{04471706-04CB-4415-A15A-BFF9599A5FF1}.Debug|Any CPU.Build.0 = Debug|Any CPU
		{04471706-04CB-4415-A15A-BFF9599A5FF1}.Release|Any CPU.ActiveCfg = Release|Any CPU
		{04471706-04CB-4415-A15A-BFF9599A5FF1}.Release|Any CPU.Build.0 = Release|Any CPU
		{4AF746D4-5DED-4DF1-B35E-E3C85A5F83C4}.Debug|Any CPU.ActiveCfg = Debug|Any CPU
		{4AF746D4-5DED-4DF1-B35E-E3C85A5F83C4}.Debug|Any CPU.Build.0 = Debug|Any CPU
		{4AF746D4-5DED-4DF1-B35E-E3C85A5F83C4}.Release|Any CPU.ActiveCfg = Release|Any CPU
		{4AF746D4-5DED-4DF1-B35E-E3C85A5F83C4}.Release|Any CPU.Build.0 = Release|Any CPU
		{F552FEE9-FCBD-46BE-AE23-288491BF1C6C}.Debug|Any CPU.ActiveCfg = Debug|Any CPU
		{F552FEE9-FCBD-46BE-AE23-288491BF1C6C}.Debug|Any CPU.Build.0 = Debug|Any CPU
		{F552FEE9-FCBD-46BE-AE23-288491BF1C6C}.Release|Any CPU.ActiveCfg = Release|Any CPU
		{F552FEE9-FCBD-46BE-AE23-288491BF1C6C}.Release|Any CPU.Build.0 = Release|Any CPU
		{0CF6EAEE-EE69-4766-B68D-A3D12F92F08E}.Debug|Any CPU.ActiveCfg = Debug|Any CPU
		{0CF6EAEE-EE69-4766-B68D-A3D12F92F08E}.Debug|Any CPU.Build.0 = Debug|Any CPU
		{0CF6EAEE-EE69-4766-B68D-A3D12F92F08E}.Release|Any CPU.ActiveCfg = Release|Any CPU
		{0CF6EAEE-EE69-4766-B68D-A3D12F92F08E}.Release|Any CPU.Build.0 = Release|Any CPU
		{E70C3A06-D57D-49F0-BEE2-A9867852CD1F}.Debug|Any CPU.ActiveCfg = Debug|Any CPU
		{E70C3A06-D57D-49F0-BEE2-A9867852CD1F}.Debug|Any CPU.Build.0 = Debug|Any CPU
		{E70C3A06-D57D-49F0-BEE2-A9867852CD1F}.Release|Any CPU.ActiveCfg = Release|Any CPU
		{E70C3A06-D57D-49F0-BEE2-A9867852CD1F}.Release|Any CPU.Build.0 = Release|Any CPU
	EndGlobalSection
	GlobalSection(SolutionProperties) = preSolution
		HideSolutionNode = FALSE
	EndGlobalSection
EndGlobal
